
Microsoft Visual Studio Solution File, Format Version 12.00
# Visual Studio Version 17
VisualStudioVersion = 17.0.31903.59
MinimumVisualStudioVersion = 10.0.40219.1
Project("{FAE04EC0-301F-11D3-BF4B-00C04F79EFBC}") = "BidX.Presentation", "BidX.Presentation\BidX.Presentation.csproj", "{DBEF24F8-AB55-4D1C-B619-BC730D97E3FF}"
EndProject
Project("{FAE04EC0-301F-11D3-BF4B-00C04F79EFBC}") = "BidX.DataAccess", "BidX.DataAccess\BidX.DataAccess.csproj", "{AC3E5E88-3BD4-4994-AD5E-159B44EAEC78}"
EndProject
Project("{FAE04EC0-301F-11D3-BF4B-00C04F79EFBC}") = "BidX.BusinessLogic", "BidX.BusinessLogic\BidX.BusinessLogic.csproj", "{6849D773-F1CF-4319-8C35-62DE285786C8}"
EndProject
Global
	GlobalSection(SolutionConfigurationPlatforms) = preSolution
		Debug|Any CPU = Debug|Any CPU
		Release|Any CPU = Release|Any CPU
	EndGlobalSection
	GlobalSection(SolutionProperties) = preSolution
		HideSolutionNode = FALSE
	EndGlobalSection
	GlobalSection(ProjectConfigurationPlatforms) = postSolution
		{DBEF24F8-AB55-4D1C-B619-BC730D97E3FF}.Debug|Any CPU.ActiveCfg = Debug|Any CPU
		{DBEF24F8-AB55-4D1C-B619-BC730D97E3FF}.Debug|Any CPU.Build.0 = Debug|Any CPU
		{DBEF24F8-AB55-4D1C-B619-BC730D97E3FF}.Release|Any CPU.ActiveCfg = Release|Any CPU
		{DBEF24F8-AB55-4D1C-B619-BC730D97E3FF}.Release|Any CPU.Build.0 = Release|Any CPU
		{AC3E5E88-3BD4-4994-AD5E-159B44EAEC78}.Debug|Any CPU.ActiveCfg = Debug|Any CPU
		{AC3E5E88-3BD4-4994-AD5E-159B44EAEC78}.Debug|Any CPU.Build.0 = Debug|Any CPU
		{AC3E5E88-3BD4-4994-AD5E-159B44EAEC78}.Release|Any CPU.ActiveCfg = Release|Any CPU
		{AC3E5E88-3BD4-4994-AD5E-159B44EAEC78}.Release|Any CPU.Build.0 = Release|Any CPU
		{6849D773-F1CF-4319-8C35-62DE285786C8}.Debug|Any CPU.ActiveCfg = Debug|Any CPU
		{6849D773-F1CF-4319-8C35-62DE285786C8}.Debug|Any CPU.Build.0 = Debug|Any CPU
		{6849D773-F1CF-4319-8C35-62DE285786C8}.Release|Any CPU.ActiveCfg = Release|Any CPU
		{6849D773-F1CF-4319-8C35-62DE285786C8}.Release|Any CPU.Build.0 = Release|Any CPU
	EndGlobalSection
EndGlobal
